{
  "projects": [
    {
      "projectId": "hjKYmYi6HMwK6TRyk7ew5R",
      "version": "6.8.0",
      "dependencies": {},
      "lang": "ts",
      "fileLocks": [
        {
          "assetId": "hjKYmYi6HMwK6TRyk7ew5R",
          "type": "projectCss",
          "checksum": "419c1fae9873dc9eb3a8ee5d43721687"
        },
        {
          "assetId": "hjKYmYi6HMwK6TRyk7ew5R",
          "checksum": "a852c9e350a845f23f056078ffda3e4b",
          "type": "globalContexts"
        }
      ],
      "codegenVersion": "0.0.1"
    },
    {
      "projectId": "58GpZjZCWTaJ8AUhpCwt2K",
      "version": "3.6.0",
      "dependencies": {},
      "lang": "ts",
      "fileLocks": [
        {
          "assetId": "58GpZjZCWTaJ8AUhpCwt2K",
          "type": "projectCss",
          "checksum": "d6fba95685214e0383bfcc5454d0469b"
        }
      ],
      "codegenVersion": "0.0.1"
    },
    {
      "projectId": "dSLRpGaFdpa3881hVR4F6A",
      "version": "latest",
      "dependencies": {
        "58GpZjZCWTaJ8AUhpCwt2K": "3.6.0",
        "hjKYmYi6HMwK6TRyk7ew5R": "6.8.0"
      },
      "lang": "ts",
      "fileLocks": [
        {
          "type": "globalVariant",
          "assetId": "AnQ10NsY6b1jy",
          "checksum": "161cc89101897262dae9daac58b7c9bf"
        },
        {
          "assetId": "dSLRpGaFdpa3881hVR4F6A",
          "type": "projectCss",
          "checksum": "4ffbda9bc777fb72bde470fab65643af"
        },
        {
          "assetId": "dSLRpGaFdpa3881hVR4F6A",
          "checksum": "96d450fbcdc34cd4836157368c00ba3b",
          "type": "globalContexts"
        },
        {
          "type": "renderModule",
          "assetId": "ZD59k3WDIiTho",
          "checksum": "ad202b04f875e68afe036c4469381942"
        },
        {
          "type": "cssRules",
          "assetId": "ZD59k3WDIiTho",
          "checksum": "ad202b04f875e68afe036c4469381942"
        },
        {
          "type": "renderModule",
          "assetId": "nU_XA45pHXnVU",
          "checksum": "ec2be4242c0ce038222429c5412d22cc"
        },
        {
          "type": "cssRules",
          "assetId": "nU_XA45pHXnVU",
          "checksum": "ec2be4242c0ce038222429c5412d22cc"
        },
        {
          "type": "renderModule",
          "assetId": "uYEoDQL10wMkN",
          "checksum": "a754bdf76b44a80c7fc8b035eae28e94"
        },
        {
          "type": "cssRules",
          "assetId": "uYEoDQL10wMkN",
          "checksum": "a754bdf76b44a80c7fc8b035eae28e94"
        },
        {
          "type": "renderModule",
          "assetId": "E_ek0IN7S8tBa",
          "checksum": "474521af930785765ce9eb93b4a6ff73"
        },
        {
          "type": "cssRules",
          "assetId": "E_ek0IN7S8tBa",
          "checksum": "474521af930785765ce9eb93b4a6ff73"
        },
        {
          "type": "renderModule",
          "assetId": "2SDesTRBRMXmd",
          "checksum": "b08703b997984b53e8a190f256676a36"
        },
        {
          "type": "cssRules",
          "assetId": "2SDesTRBRMXmd",
          "checksum": "b08703b997984b53e8a190f256676a36"
        },
        {
          "type": "renderModule",
          "assetId": "qfnE4AgQMJC9y",
          "checksum": "a2667383fb23297af9a33d179b6b2d0f"
        },
        {
          "type": "cssRules",
          "assetId": "qfnE4AgQMJC9y",
          "checksum": "a2667383fb23297af9a33d179b6b2d0f"
        },
        {
          "type": "icon",
          "assetId": "eqVFxNaJdtITtc",
          "checksum": "b7283917d36a0a87d8b5b84933a1ad7a"
        },
        {
          "type": "icon",
          "assetId": "z72JcGwFk-t_ay",
          "checksum": "a1639ee2e609981954d2adb99da76563"
        },
        {
          "type": "icon",
          "assetId": "41044kWMO6wIgr",
          "checksum": "53451f76ce566473411bdc3d349d8e0f"
        },
        {
          "type": "icon",
          "assetId": "SQK36oiboTRiKu",
          "checksum": "7b805e892556395a4659a4730dc19983"
        },
        {
          "type": "icon",
          "assetId": "qmV2Y0hUdWUta7",
          "checksum": "c65e95831a1a186b3364a3d533030484"
        },
        {
          "type": "icon",
          "assetId": "noWvzcQwixbiVk",
          "checksum": "55978eca314fd458eee4860559c401d7"
        },
        {
          "type": "icon",
          "assetId": "dmv6BhjN5bJCA7",
          "checksum": "e2c6bc63e627a601166243f82ed36b0a"
        },
        {
          "type": "image",
          "assetId": "Wdr729XSHwWKEi",
          "checksum": "4d7b7c8455137969ff04f587bda3e146"
        },
        {
          "type": "image",
          "assetId": "muSSndguRkM16W",
          "checksum": "f6982df0af1da00c306eeb10720fd84e"
        },
        {
          "type": "image",
          "assetId": "sVpSUOqEySm2s2",
          "checksum": "80808d3c85207e3e51f817c261e91a0d"
        },
        {
          "type": "image",
          "assetId": "0IGzj2c3lV-5Tb",
          "checksum": "879839f277523d6f80446368061aec73"
        },
        {
          "type": "image",
          "assetId": "TLRLQAQ8iwF7Wh",
          "checksum": "9a5658c2b13ca434263362cec34f0c21"
        },
        {
          "type": "image",
          "assetId": "2gOZ5957xUjSzW",
          "checksum": "a2682ecf734cff9c6f282fcad511e761"
        },
        {
          "type": "image",
          "assetId": "_L0AnknEoSjkOf",
          "checksum": "d8e844e9f043a51a97c9efdc290b1ffb"
        },
        {
          "type": "image",
          "assetId": "cygKZLN4cZ7XNy",
          "checksum": "45d4696d57ec0d0a345e3aac82a8de31"
        },
        {
          "type": "image",
          "assetId": "JwO9utDAiQ19BK",
          "checksum": "a717488cba9a637aa5eacea3d1470b4a"
        },
        {
          "type": "image",
          "assetId": "lAsCJ18LXK_lDL",
          "checksum": "9c99b2ee8fb3843fffa0dda39fac7d2b"
        },
        {
          "type": "image",
          "assetId": "EUClht8Z--mfpD",
          "checksum": "bc091300d37e735eae5cfcfa5bf981e1"
        },
        {
          "type": "image",
          "assetId": "4FEfQ9Szvq7SRE",
          "checksum": "9d3ccdcd084e3fcf04127093ec442082"
        },
        {
          "type": "image",
          "assetId": "43qi3JcYti7TEE",
          "checksum": "8702a4f8758e99c82588a734755d5e8b"
        },
        {
          "type": "image",
          "assetId": "rP--0opwGpARml",
          "checksum": "0a43244f7ab188407935d85c1a763155"
        },
        {
          "type": "image",
          "assetId": "sClvjICtwuPeRu",
          "checksum": "c205957394062bb575947fb72cc9e839"
        },
        {
          "type": "image",
          "assetId": "2bEr_SwAK7NaK3",
          "checksum": "4f7152dad6ed4c2e249bca11c47d6d1a"
        },
        {
          "type": "image",
          "assetId": "SAMMVNeJA73x4_",
          "checksum": "f558b587a495b070ea7b19690e566d2a"
        },
        {
          "type": "image",
          "assetId": "m9jLE_QGWxVWgn",
          "checksum": "c04453fda3f022d6ec76470cc91831b2"
        },
        {
          "type": "image",
          "assetId": "v6FOH5lLu6cOpe",
          "checksum": "4b676f96babdc2f79540b7914cd5e5fa"
        },
        {
          "type": "image",
          "assetId": "M3IuMtF6ETwcHf",
          "checksum": "173d093f1dba1008dab33bbe5dc8bc9f"
        },
        {
          "type": "image",
          "assetId": "7CFqZ1c0ClFmHl",
          "checksum": "11b0cbedeca819ec9bc97d9dc332c2b0"
        }
      ],
      "codegenVersion": "0.0.1"
    }
  ],
  "cliVersion": "0.1.187"
}
